{
  "version": 4,
  "terraform_version": "0.12.21",
  "serial": 6,
  "lineage": "25c9238b-d8de-1515-e46d-4fd48116b174",
  "outputs": {},
  "resources": [
    {
      "mode": "data",
      "type": "aws_caller_identity",
      "name": "current",
      "provider": "provider.aws",
      "instances": [
        {
          "schema_version": 0,
          "attributes": {
            "account_id": "444670105054",
            "arn": "arn:aws:iam::444670105054:user/admin",
            "id": "2020-02-26 11:25:34.566138127 +0000 UTC",
            "user_id": "AIDAWPCDHKXPKC3BORIBC"
          }
        }
      ]
    },
    {
      "mode": "managed",
      "type": "aws_vpc",
      "name": "app_vpc",
      "provider": "provider.aws",
      "instances": [
        {
          "schema_version": 1,
          "attributes": {
            "arn": "arn:aws:ec2:ap-south-1:444670105054:vpc/vpc-07d1446ac558c1eb2",
            "assign_generated_ipv6_cidr_block": false,
            "cidr_block": "10.20.0.0/16",
            "default_network_acl_id": "acl-06612752f5831f1b3",
            "default_route_table_id": "rtb-0e2cf15d45595e8a4",
            "default_security_group_id": "sg-0ac6d45fd082ed2cb",
            "dhcp_options_id": "dopt-98ab5df3",
            "enable_classiclink": null,
            "enable_classiclink_dns_support": null,
            "enable_dns_hostnames": false,
            "enable_dns_support": true,
            "id": "vpc-07d1446ac558c1eb2",
            "instance_tenancy": "dedicated",
            "ipv6_association_id": "",
            "ipv6_cidr_block": "",
            "main_route_table_id": "rtb-0e2cf15d45595e8a4",
            "owner_id": "444670105054",
            "tags": {
              "Managedby": "Terraform",
              "Name": "Image-build",
              "account_id": "444670105054",
              "user_id": "AIDAWPCDHKXPKC3BORIBC"
            }
          },
          "private": "eyJzY2hlbWFfdmVyc2lvbiI6IjEifQ=="
        }
      ]
    }
  ]
}
