{
  "version": 4,
  "terraform_version": "0.12.21",
  "serial": 3,
  "lineage": "7e4c4bb8-c8a5-987c-d461-56a44c0eb109",
  "outputs": {
    "s3_arn": {
      "value": "arn:aws:s3:::talk-my-terraform-state",
      "type": "string"
    }
  },
  "resources": [
    {
      "mode": "data",
      "type": "aws_caller_identity",
      "name": "current",
      "provider": "provider.aws",
      "instances": [
        {
          "schema_version": 0,
          "attributes": {
            "account_id": "444670105054",
            "arn": "arn:aws:iam::444670105054:user/admin",
            "id": "2020-02-26 12:04:06.547020823 +0000 UTC",
            "user_id": "AIDAWPCDHKXPKC3BORIBC"
          }
        }
      ]
    },
    {
      "mode": "managed",
      "type": "aws_s3_bucket",
      "name": "state_bucket",
      "provider": "provider.aws",
      "instances": [
        {
          "schema_version": 0,
          "attributes": {
            "acceleration_status": "",
            "acl": "private",
            "arn": "arn:aws:s3:::talk-my-terraform-state",
            "bucket": "talk-my-terraform-state",
            "bucket_domain_name": "talk-my-terraform-state.s3.amazonaws.com",
            "bucket_prefix": null,
            "bucket_regional_domain_name": "talk-my-terraform-state.s3.ap-south-1.amazonaws.com",
            "cors_rule": [],
            "force_destroy": false,
            "hosted_zone_id": "Z11RGJOFQNVJUP",
            "id": "talk-my-terraform-state",
            "lifecycle_rule": [],
            "logging": [],
            "object_lock_configuration": [],
            "policy": null,
            "region": "ap-south-1",
            "replication_configuration": [],
            "request_payer": "BucketOwner",
            "server_side_encryption_configuration": [],
            "tags": {
              "Managedby": "Terraform",
              "Name": "Image-build",
              "account_id": "444670105054",
              "user_id": "AIDAWPCDHKXPKC3BORIBC"
            },
            "versioning": [
              {
                "enabled": false,
                "mfa_delete": false
              }
            ],
            "website": [],
            "website_domain": null,
            "website_endpoint": null
          },
          "private": "bnVsbA=="
        }
      ]
    }
  ]
}
